
Microsoft Visual Studio Solution File, Format Version 12.00
# Visual Studio Version 16
VisualStudioVersion = 16.0.31702.278
MinimumVisualStudioVersion = 10.0.40219.1
Project("{FAE04EC0-301F-11D3-BF4B-00C04F79EFBC}") = "Practica6", "Practica6.csproj", "{76D39009-BFF1-4A5E-946D-1C0AA04903FB}"
EndProject
Global
	GlobalSection(SolutionConfigurationPlatforms) = preSolution
		Debug|Any CPU = Debug|Any CPU
		Release|Any CPU = Release|Any CPU
	EndGlobalSection
	GlobalSection(ProjectConfigurationPlatforms) = postSolution
		{76D39009-BFF1-4A5E-946D-1C0AA04903FB}.Debug|Any CPU.ActiveCfg = Debug|Any CPU
		{76D39009-BFF1-4A5E-946D-1C0AA04903FB}.Debug|Any CPU.Build.0 = Debug|Any CPU
		{76D39009-BFF1-4A5E-946D-1C0AA04903FB}.Release|Any CPU.ActiveCfg = Release|Any CPU
		{76D39009-BFF1-4A5E-946D-1C0AA04903FB}.Release|Any CPU.Build.0 = Release|Any CPU
	EndGlobalSection
	GlobalSection(SolutionProperties) = preSolution
		HideSolutionNode = FALSE
	EndGlobalSection
	GlobalSection(ExtensibilityGlobals) = postSolution
		SolutionGuid = {D0BC7507-65CF-4B02-9AB9-819075051EEF}
	EndGlobalSection
EndGlobal
